
Microsoft Visual Studio Solution File, Format Version 12.00
# Visual Studio Version 16
VisualStudioVersion = 16.0.30114.105
MinimumVisualStudioVersion = 10.0.40219.1
Project("{FAE04EC0-301F-11D3-BF4B-00C04F79EFBC}") = "robo", "robo.csproj", "{B198DCC5-6499-44EC-A95A-3828FBB07556}"
EndProject
Global
	GlobalSection(SolutionConfigurationPlatforms) = preSolution
		Debug|Any CPU = Debug|Any CPU
		Release|Any CPU = Release|Any CPU
	EndGlobalSection
	GlobalSection(ProjectConfigurationPlatforms) = postSolution
		{B198DCC5-6499-44EC-A95A-3828FBB07556}.Debug|Any CPU.ActiveCfg = Debug|Any CPU
		{B198DCC5-6499-44EC-A95A-3828FBB07556}.Debug|Any CPU.Build.0 = Debug|Any CPU
		{B198DCC5-6499-44EC-A95A-3828FBB07556}.Release|Any CPU.ActiveCfg = Release|Any CPU
		{B198DCC5-6499-44EC-A95A-3828FBB07556}.Release|Any CPU.Build.0 = Release|Any CPU
	EndGlobalSection
	GlobalSection(SolutionProperties) = preSolution
		HideSolutionNode = FALSE
	EndGlobalSection
	GlobalSection(ExtensibilityGlobals) = postSolution
		SolutionGuid = {100ACA67-3D2B-4A94-B978-34A58839E08C}
	EndGlobalSection
EndGlobal
